// !$*UTF8*$!
{
	archiveVersion = 1;
	classes = {
	};
	objectVersion = 50;
	objects = {

/* Begin PBXBuildFile section */
		6475544E217D6C6A002EAC16 /* AppDelegate.m in Sources */ = {isa = PBXBuildFile; fileRef = 6475544D217D6C6A002EAC16 /* AppDelegate.m */; };
		64755451217D6C6A002EAC16 /* ViewController.m in Sources */ = {isa = PBXBuildFile; fileRef = 64755450217D6C6A002EAC16 /* ViewController.m */; };
		64755454217D6C6A002EAC16 /* Main.storyboard in Resources */ = {isa = PBXBuildFile; fileRef = 64755452217D6C6A002EAC16 /* Main.storyboard */; };
		64755456217D6C6A002EAC16 /* Assets.xcassets in Resources */ = {isa = PBXBuildFile; fileRef = 64755455217D6C6A002EAC16 /* Assets.xcassets */; };
		64755459217D6C6A002EAC16 /* LaunchScreen.storyboard in Resources */ = {isa = PBXBuildFile; fileRef = 64755457217D6C6A002EAC16 /* LaunchScreen.storyboard */; };
		6475545C217D6C6A002EAC16 /* main.m in Sources */ = {isa = PBXBuildFile; fileRef = 6475545B217D6C6A002EAC16 /* main.m */; };
		647554D6217D9DD8002EAC16 /* PGChinaMap.m in Sources */ = {isa = PBXBuildFile; fileRef = 647554D5217D9DD8002EAC16 /* PGChinaMap.m */; };
		647554DD217F2022002EAC16 /* ProvincialName.plist in Resources */ = {isa = PBXBuildFile; fileRef = 647554DB217F2022002EAC16 /* ProvincialName.plist */; };
		647554DE217F2022002EAC16 /* ChinaMapPaths.plist in Resources */ = {isa = PBXBuildFile; fileRef = 647554DC217F2022002EAC16 /* ChinaMapPaths.plist */; };
		647554E0217F2030002EAC16 /* Default-568h@2x.png in Resources */ = {isa = PBXBuildFile; fileRef = 647554DF217F2030002EAC16 /* Default-568h@2x.png */; };
		647554E3217F228C002EAC16 /* PGChinaMapModel.m in Sources */ = {isa = PBXBuildFile; fileRef = 647554E2217F228C002EAC16 /* PGChinaMapModel.m */; };
/* End PBXBuildFile section */

/* Begin PBXFileReference section */
		64755449217D6C69002EAC16 /* ChinaMap.app */ = {isa = PBXFileReference; explicitFileType = wrapper.application; includeInIndex = 0; path = ChinaMap.app; sourceTree = BUILT_PRODUCTS_DIR; };
		6475544C217D6C69002EAC16 /* AppDelegate.h */ = {isa = PBXFileReference; lastKnownFileType = sourcecode.c.h; path = AppDelegate.h; sourceTree = "<group>"; };
		6475544D217D6C6A002EAC16 /* AppDelegate.m */ = {isa = PBXFileReference; lastKnownFileType = sourcecode.c.objc; path = AppDelegate.m; sourceTree = "<group>"; };
		6475544F217D6C6A002EAC16 /* ViewController.h */ = {isa = PBXFileReference; lastKnownFileType = sourcecode.c.h; path = ViewController.h; sourceTree = "<group>"; };
		64755450217D6C6A002EAC16 /* ViewController.m */ = {isa = PBXFileReference; lastKnownFileType = sourcecode.c.objc; path = ViewController.m; sourceTree = "<group>"; };
		64755453217D6C6A002EAC16 /* Base */ = {isa = PBXFileReference; lastKnownFileType = file.storyboard; name = Base; path = Base.lproj/Main.storyboard; sourceTree = "<group>"; };
		64755455217D6C6A002EAC16 /* Assets.xcassets */ = {isa = PBXFileReference; lastKnownFileType = folder.assetcatalog; path = Assets.xcassets; sourceTree = "<group>"; };
		64755458217D6C6A002EAC16 /* Base */ = {isa = PBXFileReference; lastKnownFileType = file.storyboard; name = Base; path = Base.lproj/LaunchScreen.storyboard; sourceTree = "<group>"; };
		6475545A217D6C6A002EAC16 /* Info.plist */ = {isa = PBXFileReference; lastKnownFileType = text.plist.xml; path = Info.plist; sourceTree = "<group>"; };
		6475545B217D6C6A002EAC16 /* main.m */ = {isa = PBXFileReference; lastKnownFileType = sourcecode.c.objc; path = main.m; sourceTree = "<group>"; };
		647554D4217D9DD8002EAC16 /* PGChinaMap.h */ = {isa = PBXFileReference; lastKnownFileType = sourcecode.c.h; path = PGChinaMap.h; sourceTree = "<group>"; };
		647554D5217D9DD8002EAC16 /* PGChinaMap.m */ = {isa = PBXFileReference; lastKnownFileType = sourcecode.c.objc; path = PGChinaMap.m; sourceTree = "<group>"; };
		647554DB217F2022002EAC16 /* ProvincialName.plist */ = {isa = PBXFileReference; lastKnownFileType = file.bplist; path = ProvincialName.plist; sourceTree = "<group>"; };
		647554DC217F2022002EAC16 /* ChinaMapPaths.plist */ = {isa = PBXFileReference; lastKnownFileType = file.bplist; path = ChinaMapPaths.plist; sourceTree = "<group>"; };
		647554DF217F2030002EAC16 /* Default-568h@2x.png */ = {isa = PBXFileReference; lastKnownFileType = image.png; path = "Default-568h@2x.png"; sourceTree = "<group>"; };
		647554E1217F228C002EAC16 /* PGChinaMapModel.h */ = {isa = PBXFileReference; fileEncoding = 4; lastKnownFileType = sourcecode.c.h; path = PGChinaMapModel.h; sourceTree = "<group>"; };
		647554E2217F228C002EAC16 /* PGChinaMapModel.m */ = {isa = PBXFileReference; fileEncoding = 4; lastKnownFileType = sourcecode.c.objc; path = PGChinaMapModel.m; sourceTree = "<group>"; };
/* End PBXFileReference section */

/* Begin PBXFrameworksBuildPhase section */
		64755446217D6C69002EAC16 /* Frameworks */ = {
			isa = PBXFrameworksBuildPhase;
			buildActionMask = 2147483647;
			files = (
			);
			runOnlyForDeploymentPostprocessing = 0;
		};
/* End PBXFrameworksBuildPhase section */

/* Begin PBXGroup section */
		64755440217D6C69002EAC16 = {
			isa = PBXGroup;
			children = (
				647554DF217F2030002EAC16 /* Default-568h@2x.png */,
				6475544B217D6C69002EAC16 /* PGChinaMap */,
				6475544A217D6C69002EAC16 /* Products */,
			);
			sourceTree = "<group>";
		};
		6475544A217D6C69002EAC16 /* Products */ = {
			isa = PBXGroup;
			children = (
				64755449217D6C69002EAC16 /* ChinaMap.app */,
			);
			name = Products;
			sourceTree = "<group>";
		};
		6475544B217D6C69002EAC16 /* PGChinaMap */ = {
			isa = PBXGroup;
			children = (
				647554CE217D9C02002EAC16 /* PGChinaMap */,
				6475544C217D6C69002EAC16 /* AppDelegate.h */,
				6475544D217D6C6A002EAC16 /* AppDelegate.m */,
				6475544F217D6C6A002EAC16 /* ViewController.h */,
				64755450217D6C6A002EAC16 /* ViewController.m */,
				64755452217D6C6A002EAC16 /* Main.storyboard */,
				64755455217D6C6A002EAC16 /* Assets.xcassets */,
				64755457217D6C6A002EAC16 /* LaunchScreen.storyboard */,
				6475545A217D6C6A002EAC16 /* Info.plist */,
				6475545B217D6C6A002EAC16 /* main.m */,
			);
			path = PGChinaMap;
			sourceTree = "<group>";
		};
		647554CE217D9C02002EAC16 /* PGChinaMap */ = {
			isa = PBXGroup;
			children = (
				647554D4217D9DD8002EAC16 /* PGChinaMap.h */,
				647554D5217D9DD8002EAC16 /* PGChinaMap.m */,
				647554CF217D9C17002EAC16 /* MapDateSource */,
				647554DA217DA636002EAC16 /* M */,
			);
			path = PGChinaMap;
			sourceTree = "<group>";
		};
		647554CF217D9C17002EAC16 /* MapDateSource */ = {
			isa = PBXGroup;
			children = (
				647554DC217F2022002EAC16 /* ChinaMapPaths.plist */,
				647554DB217F2022002EAC16 /* ProvincialName.plist */,
			);
			path = MapDateSource;
			sourceTree = "<group>";
		};
		647554DA217DA636002EAC16 /* M */ = {
			isa = PBXGroup;
			children = (
				647554E1217F228C002EAC16 /* PGChinaMapModel.h */,
				647554E2217F228C002EAC16 /* PGChinaMapModel.m */,
			);
			path = M;
			sourceTree = "<group>";
		};
/* End PBXGroup section */

/* Begin PBXNativeTarget section */
		64755448217D6C69002EAC16 /* ChinaMap */ = {
			isa = PBXNativeTarget;
			buildConfigurationList = 6475545F217D6C6A002EAC16 /* Build configuration list for PBXNativeTarget "ChinaMap" */;
			buildPhases = (
				64755445217D6C69002EAC16 /* Sources */,
				64755446217D6C69002EAC16 /* Frameworks */,
				64755447217D6C69002EAC16 /* Resources */,
			);
			buildRules = (
			);
			dependencies = (
			);
			name = ChinaMap;
			productName = ChinaMap;
			productReference = 64755449217D6C69002EAC16 /* ChinaMap.app */;
			productType = "com.apple.product-type.application";
		};
/* End PBXNativeTarget section */

/* Begin PBXProject section */
		64755441217D6C69002EAC16 /* Project object */ = {
			isa = PBXProject;
			attributes = {
				LastUpgradeCheck = 1000;
				ORGANIZATIONNAME = "印度阿三";
				TargetAttributes = {
					64755448217D6C69002EAC16 = {
						CreatedOnToolsVersion = 10.0;
					};
				};
			};
			buildConfigurationList = 64755444217D6C69002EAC16 /* Build configuration list for PBXProject "ChinaMap" */;
			compatibilityVersion = "Xcode 9.3";
			developmentRegion = en;
			hasScannedForEncodings = 0;
			knownRegions = (
				en,
				Base,
			);
			mainGroup = 64755440217D6C69002EAC16;
			productRefGroup = 6475544A217D6C69002EAC16 /* Products */;
			projectDirPath = "";
			projectRoot = "";
			targets = (
				64755448217D6C69002EAC16 /* ChinaMap */,
			);
		};
/* End PBXProject section */

/* Begin PBXResourcesBuildPhase section */
		64755447217D6C69002EAC16 /* Resources */ = {
			isa = PBXResourcesBuildPhase;
			buildActionMask = 2147483647;
			files = (
				64755459217D6C6A002EAC16 /* LaunchScreen.storyboard in Resources */,
				64755456217D6C6A002EAC16 /* Assets.xcassets in Resources */,
				647554DE217F2022002EAC16 /* ChinaMapPaths.plist in Resources */,
				647554DD217F2022002EAC16 /* ProvincialName.plist in Resources */,
				64755454217D6C6A002EAC16 /* Main.storyboard in Resources */,
				647554E0217F2030002EAC16 /* Default-568h@2x.png in Resources */,
			);
			runOnlyForDeploymentPostprocessing = 0;
		};
/* End PBXResourcesBuildPhase section */

/* Begin PBXSourcesBuildPhase section */
		64755445217D6C69002EAC16 /* Sources */ = {
			isa = PBXSourcesBuildPhase;
			buildActionMask = 2147483647;
			files = (
				64755451217D6C6A002EAC16 /* ViewController.m in Sources */,
				6475545C217D6C6A002EAC16 /* main.m in Sources */,
				6475544E217D6C6A002EAC16 /* AppDelegate.m in Sources */,
				647554D6217D9DD8002EAC16 /* PGChinaMap.m in Sources */,
				647554E3217F228C002EAC16 /* PGChinaMapModel.m in Sources */,
			);
			runOnlyForDeploymentPostprocessing = 0;
		};
/* End PBXSourcesBuildPhase section */

/* Begin PBXVariantGroup section */
		64755452217D6C6A002EAC16 /* Main.storyboard */ = {
			isa = PBXVariantGroup;
			children = (
				64755453217D6C6A002EAC16 /* Base */,
			);
			name = Main.storyboard;
			sourceTree = "<group>";
		};
		64755457217D6C6A002EAC16 /* LaunchScreen.storyboard */ = {
			isa = PBXVariantGroup;
			children = (
				64755458217D6C6A002EAC16 /* Base */,
			);
			name = LaunchScreen.storyboard;
			sourceTree = "<group>";
		};
/* End PBXVariantGroup section */

/* Begin XCBuildConfiguration section */
		6475545D217D6C6A002EAC16 /* Debug */ = {
			isa = XCBuildConfiguration;
			buildSettings = {
				ALWAYS_SEARCH_USER_PATHS = NO;
				CLANG_ANALYZER_NONNULL = YES;
				CLANG_ANALYZER_NUMBER_OBJECT_CONVERSION = YES_AGGRESSIVE;
				CLANG_CXX_LANGUAGE_STANDARD = "gnu++14";
				CLANG_CXX_LIBRARY = "libc++";
				CLANG_ENABLE_MODULES = YES;
				CLANG_ENABLE_OBJC_ARC = YES;
				CLANG_ENABLE_OBJC_WEAK = YES;
				CLANG_WARN_BLOCK_CAPTURE_AUTORELEASING = YES;
				CLANG_WARN_BOOL_CONVERSION = YES;
				CLANG_WARN_COMMA = YES;
				CLANG_WARN_CONSTANT_CONVERSION = YES;
				CLANG_WARN_DEPRECATED_OBJC_IMPLEMENTATIONS = YES;
				CLANG_WARN_DIRECT_OBJC_ISA_USAGE = YES_ERROR;
				CLANG_WARN_DOCUMENTATION_COMMENTS = YES;
				CLANG_WARN_EMPTY_BODY = YES;
				CLANG_WARN_ENUM_CONVERSION = YES;
				CLANG_WARN_INFINITE_RECURSION = YES;
				CLANG_WARN_INT_CONVERSION = YES;
				CLANG_WARN_NON_LITERAL_NULL_CONVERSION = YES;
				CLANG_WARN_OBJC_IMPLICIT_RETAIN_SELF = YES;
				CLANG_WARN_OBJC_LITERAL_CONVERSION = YES;
				CLANG_WARN_OBJC_ROOT_CLASS = YES_ERROR;
				CLANG_WARN_RANGE_LOOP_ANALYSIS = YES;
				CLANG_WARN_STRICT_PROTOTYPES = YES;
				CLANG_WARN_SUSPICIOUS_MOVE = YES;
				CLANG_WARN_UNGUARDED_AVAILABILITY = YES_AGGRESSIVE;
				CLANG_WARN_UNREACHABLE_CODE = YES;
				CLANG_WARN__DUPLICATE_METHOD_MATCH = YES;
				CODE_SIGN_IDENTITY = "iPhone Developer";
				COPY_PHASE_STRIP = NO;
				DEBUG_INFORMATION_FORMAT = dwarf;
				ENABLE_STRICT_OBJC_MSGSEND = YES;
				ENABLE_TESTABILITY = YES;
				GCC_C_LANGUAGE_STANDARD = gnu11;
				GCC_DYNAMIC_NO_PIC = NO;
				GCC_NO_COMMON_BLOCKS = YES;
				GCC_OPTIMIZATION_LEVEL = 0;
				GCC_PREPROCESSOR_DEFINITIONS = (
					"DEBUG=1",
					"$(inherited)",
				);
				GCC_WARN_64_TO_32_BIT_CONVERSION = YES;
				GCC_WARN_ABOUT_RETURN_TYPE = YES_ERROR;
				GCC_WARN_UNDECLARED_SELECTOR = YES;
				GCC_WARN_UNINITIALIZED_AUTOS = YES_AGGRESSIVE;
				GCC_WARN_UNUSED_FUNCTION = YES;
				GCC_WARN_UNUSED_VARIABLE = YES;
				IPHONEOS_DEPLOYMENT_TARGET = 8.0;
				MTL_ENABLE_DEBUG_INFO = INCLUDE_SOURCE;
				MTL_FAST_MATH = YES;
				ONLY_ACTIVE_ARCH = YES;
				SDKROOT = iphoneos;
			};
			name = Debug;
		};
		6475545E217D6C6A002EAC16 /* Release */ = {
			isa = XCBuildConfiguration;
			buildSettings = {
				ALWAYS_SEARCH_USER_PATHS = NO;
				CLANG_ANALYZER_NONNULL = YES;
				CLANG_ANALYZER_NUMBER_OBJECT_CONVERSION = YES_AGGRESSIVE;
				CLANG_CXX_LANGUAGE_STANDARD = "gnu++14";
				CLANG_CXX_LIBRARY = "libc++";
				CLANG_ENABLE_MODULES = YES;
				CLANG_ENABLE_OBJC_ARC = YES;
				CLANG_ENABLE_OBJC_WEAK = YES;
				CLANG_WARN_BLOCK_CAPTURE_AUTORELEASING = YES;
				CLANG_WARN_BOOL_CONVERSION = YES;
				CLANG_WARN_COMMA = YES;
				CLANG_WARN_CONSTANT_CONVERSION = YES;
				CLANG_WARN_DEPRECATED_OBJC_IMPLEMENTATIONS = YES;
				CLANG_WARN_DIRECT_OBJC_ISA_USAGE = YES_ERROR;
				CLANG_WARN_DOCUMENTATION_COMMENTS = YES;
				CLANG_WARN_EMPTY_BODY = YES;
				CLANG_WARN_ENUM_CONVERSION = YES;
				CLANG_WARN_INFINITE_RECURSION = YES;
				CLANG_WARN_INT_CONVERSION = YES;
				CLANG_WARN_NON_LITERAL_NULL_CONVERSION = YES;
				CLANG_WARN_OBJC_IMPLICIT_RETAIN_SELF = YES;
				CLANG_WARN_OBJC_LITERAL_CONVERSION = YES;
				CLANG_WARN_OBJC_ROOT_CLASS = YES_ERROR;
				CLANG_WARN_RANGE_LOOP_ANALYSIS = YES;
				CLANG_WARN_STRICT_PROTOTYPES = YES;
				CLANG_WARN_SUSPICIOUS_MOVE = YES;
				CLANG_WARN_UNGUARDED_AVAILABILITY = YES_AGGRESSIVE;
				CLANG_WARN_UNREACHABLE_CODE = YES;
				CLANG_WARN__DUPLICATE_METHOD_MATCH = YES;
				CODE_SIGN_IDENTITY = "iPhone Developer";
				COPY_PHASE_STRIP = NO;
				DEBUG_INFORMATION_FORMAT = "dwarf-with-dsym";
				ENABLE_NS_ASSERTIONS = NO;
				ENABLE_STRICT_OBJC_MSGSEND = YES;
				GCC_C_LANGUAGE_STANDARD = gnu11;
				GCC_NO_COMMON_BLOCKS = YES;
				GCC_WARN_64_TO_32_BIT_CONVERSION = YES;
				GCC_WARN_ABOUT_RETURN_TYPE = YES_ERROR;
				GCC_WARN_UNDECLARED_SELECTOR = YES;
				GCC_WARN_UNINITIALIZED_AUTOS = YES_AGGRESSIVE;
				GCC_WARN_UNUSED_FUNCTION = YES;
				GCC_WARN_UNUSED_VARIABLE = YES;
				IPHONEOS_DEPLOYMENT_TARGET = 8.0;
				MTL_ENABLE_DEBUG_INFO = NO;
				MTL_FAST_MATH = YES;
				SDKROOT = iphoneos;
				VALIDATE_PRODUCT = YES;
			};
			name = Release;
		};
		64755460217D6C6A002EAC16 /* Debug */ = {
			isa = XCBuildConfiguration;
			buildSettings = {
				ASSETCATALOG_COMPILER_APPICON_NAME = AppIcon;
				CODE_SIGN_STYLE = Automatic;
				INFOPLIST_FILE = "$(SRCROOT)/PGChinaMap/Info.plist";
				LD_RUNPATH_SEARCH_PATHS = (
					"$(inherited)",
					"@executable_path/Frameworks",
				);
				PRODUCT_BUNDLE_IDENTIFIER = PGGMan.ChinaMap;
				PRODUCT_NAME = "$(TARGET_NAME)";
				TARGETED_DEVICE_FAMILY = "1,2";
			};
			name = Debug;
		};
		64755461217D6C6A002EAC16 /* Release */ = {
			isa = XCBuildConfiguration;
			buildSettings = {
				ASSETCATALOG_COMPILER_APPICON_NAME = AppIcon;
				CODE_SIGN_STYLE = Automatic;
				INFOPLIST_FILE = "$(SRCROOT)/PGChinaMap/Info.plist";
				LD_RUNPATH_SEARCH_PATHS = (
					"$(inherited)",
					"@executable_path/Frameworks",
				);
				PRODUCT_BUNDLE_IDENTIFIER = PGGMan.ChinaMap;
				PRODUCT_NAME = "$(TARGET_NAME)";
				TARGETED_DEVICE_FAMILY = "1,2";
			};
			name = Release;
		};
/* End XCBuildConfiguration section */

/* Begin XCConfigurationList section */
		64755444217D6C69002EAC16 /* Build configuration list for PBXProject "ChinaMap" */ = {
			isa = XCConfigurationList;
			buildConfigurations = (
				6475545D217D6C6A002EAC16 /* Debug */,
				6475545E217D6C6A002EAC16 /* Release */,
			);
			defaultConfigurationIsVisible = 0;
			defaultConfigurationName = Release;
		};
		6475545F217D6C6A002EAC16 /* Build configuration list for PBXNativeTarget "ChinaMap" */ = {
			isa = XCConfigurationList;
			buildConfigurations = (
				64755460217D6C6A002EAC16 /* Debug */,
				64755461217D6C6A002EAC16 /* Release */,
			);
			defaultConfigurationIsVisible = 0;
			defaultConfigurationName = Release;
		};
/* End XCConfigurationList section */
	};
	rootObject = 64755441217D6C69002EAC16 /* Project object */;
}
